// !$*UTF8*$!
{
	archiveVersion = 1;
	classes = {
	};
	objectVersion = 50;
	objects = {

/* Begin PBXBuildFile section */
		4A9D2CD326E9C3FF005D38CF /* CategoryHome.swift in Sources */ = {isa = PBXBuildFile; fileRef = 4A9D2CD226E9C3FF005D38CF /* CategoryHome.swift */; };
		4A9D2CD526E9C50F005D38CF /* CategoryRow.swift in Sources */ = {isa = PBXBuildFile; fileRef = 4A9D2CD426E9C50F005D38CF /* CategoryRow.swift */; };
		4A9D2CD726EA7E17005D38CF /* CategoryItem.swift in Sources */ = {isa = PBXBuildFile; fileRef = 4A9D2CD626EA7E17005D38CF /* CategoryItem.swift */; };
		4A9D2CD926EAB642005D38CF /* Profile.swift in Sources */ = {isa = PBXBuildFile; fileRef = 4A9D2CD826EAB642005D38CF /* Profile.swift */; };
		4A9D2CDC26EAB71E005D38CF /* ProfileHost.swift in Sources */ = {isa = PBXBuildFile; fileRef = 4A9D2CDB26EAB71E005D38CF /* ProfileHost.swift */; };
		4A9D2CDE26EAB871005D38CF /* ProfileSummary.swift in Sources */ = {isa = PBXBuildFile; fileRef = 4A9D2CDD26EAB871005D38CF /* ProfileSummary.swift */; };
		4A9D2CE026EAD95D005D38CF /* ProfileEditor.swift in Sources */ = {isa = PBXBuildFile; fileRef = 4A9D2CDF26EAD95D005D38CF /* ProfileEditor.swift */; };
		4A9D2CE326EBBB34005D38CF /* PageViewController.swift in Sources */ = {isa = PBXBuildFile; fileRef = 4A9D2CE226EBBB34005D38CF /* PageViewController.swift */; };
		4A9D2CE526EBBC8B005D38CF /* FeatureCard.swift in Sources */ = {isa = PBXBuildFile; fileRef = 4A9D2CE426EBBC8B005D38CF /* FeatureCard.swift */; };
		4A9D2CE726EBC1EC005D38CF /* PageView.swift in Sources */ = {isa = PBXBuildFile; fileRef = 4A9D2CE626EBC1EC005D38CF /* PageView.swift */; };
		4A9D2CE926EBD6F2005D38CF /* PageControl.swift in Sources */ = {isa = PBXBuildFile; fileRef = 4A9D2CE826EBD6F2005D38CF /* PageControl.swift */; };
		4ADA7DA826E7D2D90006F3EA /* LandmarksApp.swift in Sources */ = {isa = PBXBuildFile; fileRef = 4ADA7DA726E7D2D90006F3EA /* LandmarksApp.swift */; };
		4ADA7DAA26E7D2D90006F3EA /* ContentView.swift in Sources */ = {isa = PBXBuildFile; fileRef = 4ADA7DA926E7D2D90006F3EA /* ContentView.swift */; };
		4ADA7DAC26E7D2DD0006F3EA /* Assets.xcassets in Resources */ = {isa = PBXBuildFile; fileRef = 4ADA7DAB26E7D2DD0006F3EA /* Assets.xcassets */; };
		4ADA7DAF26E7D2DD0006F3EA /* Preview Assets.xcassets in Resources */ = {isa = PBXBuildFile; fileRef = 4ADA7DAE26E7D2DD0006F3EA /* Preview Assets.xcassets */; };
		4ADA7DB726E7F1860006F3EA /* CircleImage.swift in Sources */ = {isa = PBXBuildFile; fileRef = 4ADA7DB626E7F1860006F3EA /* CircleImage.swift */; };
		4ADA7DB926E7F30C0006F3EA /* MapView.swift in Sources */ = {isa = PBXBuildFile; fileRef = 4ADA7DB826E7F30C0006F3EA /* MapView.swift */; };
		4ADA7DBB26E7FA0A0006F3EA /* landmarkData.json in Resources */ = {isa = PBXBuildFile; fileRef = 4ADA7DBA26E7FA0A0006F3EA /* landmarkData.json */; };
		4ADA7DBD26E7FA400006F3EA /* Landmark.swift in Sources */ = {isa = PBXBuildFile; fileRef = 4ADA7DBC26E7FA400006F3EA /* Landmark.swift */; };
		4ADA7DBF26E7FC710006F3EA /* ModelData.swift in Sources */ = {isa = PBXBuildFile; fileRef = 4ADA7DBE26E7FC710006F3EA /* ModelData.swift */; };
		4ADA7DC626E7FFBB0006F3EA /* LandmarkRow.swift in Sources */ = {isa = PBXBuildFile; fileRef = 4ADA7DC526E7FFBB0006F3EA /* LandmarkRow.swift */; };
		4ADA7DC826E8046C0006F3EA /* LandmarkList.swift in Sources */ = {isa = PBXBuildFile; fileRef = 4ADA7DC726E8046C0006F3EA /* LandmarkList.swift */; };
		4ADA7DCC26E80FE30006F3EA /* LandmarkDetail.swift in Sources */ = {isa = PBXBuildFile; fileRef = 4ADA7DCB26E80FE30006F3EA /* LandmarkDetail.swift */; };
		4ADA7DCE26E83A890006F3EA /* FavoriteButton.swift in Sources */ = {isa = PBXBuildFile; fileRef = 4ADA7DCD26E83A890006F3EA /* FavoriteButton.swift */; };
/* End PBXBuildFile section */

/* Begin PBXFileReference section */
		4A9D2CD226E9C3FF005D38CF /* CategoryHome.swift */ = {isa = PBXFileReference; lastKnownFileType = sourcecode.swift; path = CategoryHome.swift; sourceTree = "<group>"; };
		4A9D2CD426E9C50F005D38CF /* CategoryRow.swift */ = {isa = PBXFileReference; lastKnownFileType = sourcecode.swift; path = CategoryRow.swift; sourceTree = "<group>"; };
		4A9D2CD626EA7E17005D38CF /* CategoryItem.swift */ = {isa = PBXFileReference; lastKnownFileType = sourcecode.swift; path = CategoryItem.swift; sourceTree = "<group>"; };
		4A9D2CD826EAB642005D38CF /* Profile.swift */ = {isa = PBXFileReference; lastKnownFileType = sourcecode.swift; path = Profile.swift; sourceTree = "<group>"; };
		4A9D2CDB26EAB71E005D38CF /* ProfileHost.swift */ = {isa = PBXFileReference; lastKnownFileType = sourcecode.swift; path = ProfileHost.swift; sourceTree = "<group>"; };
		4A9D2CDD26EAB871005D38CF /* ProfileSummary.swift */ = {isa = PBXFileReference; lastKnownFileType = sourcecode.swift; path = ProfileSummary.swift; sourceTree = "<group>"; };
		4A9D2CDF26EAD95D005D38CF /* ProfileEditor.swift */ = {isa = PBXFileReference; lastKnownFileType = sourcecode.swift; path = ProfileEditor.swift; sourceTree = "<group>"; };
		4A9D2CE226EBBB34005D38CF /* PageViewController.swift */ = {isa = PBXFileReference; lastKnownFileType = sourcecode.swift; path = PageViewController.swift; sourceTree = "<group>"; };
		4A9D2CE426EBBC8B005D38CF /* FeatureCard.swift */ = {isa = PBXFileReference; lastKnownFileType = sourcecode.swift; path = FeatureCard.swift; sourceTree = "<group>"; };
		4A9D2CE626EBC1EC005D38CF /* PageView.swift */ = {isa = PBXFileReference; lastKnownFileType = sourcecode.swift; path = PageView.swift; sourceTree = "<group>"; };
		4A9D2CE826EBD6F2005D38CF /* PageControl.swift */ = {isa = PBXFileReference; lastKnownFileType = sourcecode.swift; path = PageControl.swift; sourceTree = "<group>"; };
		4ADA7DA426E7D2D90006F3EA /* Landmarks.app */ = {isa = PBXFileReference; explicitFileType = wrapper.application; includeInIndex = 0; path = Landmarks.app; sourceTree = BUILT_PRODUCTS_DIR; };
		4ADA7DA726E7D2D90006F3EA /* LandmarksApp.swift */ = {isa = PBXFileReference; lastKnownFileType = sourcecode.swift; path = LandmarksApp.swift; sourceTree = "<group>"; };
		4ADA7DA926E7D2D90006F3EA /* ContentView.swift */ = {isa = PBXFileReference; lastKnownFileType = sourcecode.swift; path = ContentView.swift; sourceTree = "<group>"; };
		4ADA7DAB26E7D2DD0006F3EA /* Assets.xcassets */ = {isa = PBXFileReference; lastKnownFileType = folder.assetcatalog; path = Assets.xcassets; sourceTree = "<group>"; };
		4ADA7DAE26E7D2DD0006F3EA /* Preview Assets.xcassets */ = {isa = PBXFileReference; lastKnownFileType = folder.assetcatalog; path = "Preview Assets.xcassets"; sourceTree = "<group>"; };
		4ADA7DB026E7D2DD0006F3EA /* Info.plist */ = {isa = PBXFileReference; lastKnownFileType = text.plist.xml; path = Info.plist; sourceTree = "<group>"; };
		4ADA7DB626E7F1860006F3EA /* CircleImage.swift */ = {isa = PBXFileReference; lastKnownFileType = sourcecode.swift; path = CircleImage.swift; sourceTree = "<group>"; };
		4ADA7DB826E7F30C0006F3EA /* MapView.swift */ = {isa = PBXFileReference; lastKnownFileType = sourcecode.swift; path = MapView.swift; sourceTree = "<group>"; };
		4ADA7DBA26E7FA0A0006F3EA /* landmarkData.json */ = {isa = PBXFileReference; fileEncoding = 4; lastKnownFileType = text.json; path = landmarkData.json; sourceTree = "<group>"; };
		4ADA7DBC26E7FA400006F3EA /* Landmark.swift */ = {isa = PBXFileReference; lastKnownFileType = sourcecode.swift; path = Landmark.swift; sourceTree = "<group>"; };
		4ADA7DBE26E7FC710006F3EA /* ModelData.swift */ = {isa = PBXFileReference; lastKnownFileType = sourcecode.swift; path = ModelData.swift; sourceTree = "<group>"; };
		4ADA7DC526E7FFBB0006F3EA /* LandmarkRow.swift */ = {isa = PBXFileReference; lastKnownFileType = sourcecode.swift; path = LandmarkRow.swift; sourceTree = "<group>"; };
		4ADA7DC726E8046C0006F3EA /* LandmarkList.swift */ = {isa = PBXFileReference; lastKnownFileType = sourcecode.swift; path = LandmarkList.swift; sourceTree = "<group>"; };
		4ADA7DCB26E80FE30006F3EA /* LandmarkDetail.swift */ = {isa = PBXFileReference; lastKnownFileType = sourcecode.swift; path = LandmarkDetail.swift; sourceTree = "<group>"; };
		4ADA7DCD26E83A890006F3EA /* FavoriteButton.swift */ = {isa = PBXFileReference; lastKnownFileType = sourcecode.swift; path = FavoriteButton.swift; sourceTree = "<group>"; };
/* End PBXFileReference section */

/* Begin PBXFrameworksBuildPhase section */
		4ADA7DA126E7D2D90006F3EA /* Frameworks */ = {
			isa = PBXFrameworksBuildPhase;
			buildActionMask = 2147483647;
			files = (
			);
			runOnlyForDeploymentPostprocessing = 0;
		};
/* End PBXFrameworksBuildPhase section */

/* Begin PBXGroup section */
		4A9D2CCF26E9C3A4005D38CF /* Helpers */ = {
			isa = PBXGroup;
			children = (
				4ADA7DB626E7F1860006F3EA /* CircleImage.swift */,
				4ADA7DB826E7F30C0006F3EA /* MapView.swift */,
				4ADA7DCD26E83A890006F3EA /* FavoriteButton.swift */,
			);
			path = Helpers;
			sourceTree = "<group>";
		};
		4A9D2CD026E9C3B0005D38CF /* Landmarks */ = {
			isa = PBXGroup;
			children = (
				4ADA7DC526E7FFBB0006F3EA /* LandmarkRow.swift */,
				4ADA7DC726E8046C0006F3EA /* LandmarkList.swift */,
				4ADA7DCB26E80FE30006F3EA /* LandmarkDetail.swift */,
			);
			path = Landmarks;
			sourceTree = "<group>";
		};
		4A9D2CD126E9C3C0005D38CF /* Categories */ = {
			isa = PBXGroup;
			children = (
				4A9D2CD226E9C3FF005D38CF /* CategoryHome.swift */,
				4A9D2CD426E9C50F005D38CF /* CategoryRow.swift */,
				4A9D2CD626EA7E17005D38CF /* CategoryItem.swift */,
			);
			path = Categories;
			sourceTree = "<group>";
		};
		4A9D2CDA26EAB6EB005D38CF /* Profiles */ = {
			isa = PBXGroup;
			children = (
				4A9D2CDB26EAB71E005D38CF /* ProfileHost.swift */,
				4A9D2CDF26EAD95D005D38CF /* ProfileEditor.swift */,
				4A9D2CDD26EAB871005D38CF /* ProfileSummary.swift */,
			);
			path = Profiles;
			sourceTree = "<group>";
		};
		4A9D2CE126EBBAFC005D38CF /* PageView */ = {
			isa = PBXGroup;
			children = (
				4A9D2CE426EBBC8B005D38CF /* FeatureCard.swift */,
				4A9D2CE826EBD6F2005D38CF /* PageControl.swift */,
				4A9D2CE226EBBB34005D38CF /* PageViewController.swift */,
				4A9D2CE626EBC1EC005D38CF /* PageView.swift */,
			);
			path = PageView;
			sourceTree = "<group>";
		};
		4ADA7D9B26E7D2D90006F3EA = {
			isa = PBXGroup;
			children = (
				4ADA7DA626E7D2D90006F3EA /* Landmarks */,
				4ADA7DA526E7D2D90006F3EA /* Products */,
			);
			sourceTree = "<group>";
		};
		4ADA7DA526E7D2D90006F3EA /* Products */ = {
			isa = PBXGroup;
			children = (
				4ADA7DA426E7D2D90006F3EA /* Landmarks.app */,
			);
			name = Products;
			sourceTree = "<group>";
		};
		4ADA7DA626E7D2D90006F3EA /* Landmarks */ = {
			isa = PBXGroup;
			children = (
				4ADA7DA726E7D2D90006F3EA /* LandmarksApp.swift */,
				4ADA7DC026E7FEA20006F3EA /* Views */,
				4ADA7DC126E7FEA90006F3EA /* Model */,
				4A9D2CDA26EAB6EB005D38CF /* Profiles */,
				4ADA7DC226E7FEB50006F3EA /* Resources */,
				4ADA7DAB26E7D2DD0006F3EA /* Assets.xcassets */,
				4ADA7DB026E7D2DD0006F3EA /* Info.plist */,
				4ADA7DAD26E7D2DD0006F3EA /* Preview Content */,
			);
			path = Landmarks;
			sourceTree = "<group>";
		};
		4ADA7DAD26E7D2DD0006F3EA /* Preview Content */ = {
			isa = PBXGroup;
			children = (
				4ADA7DAE26E7D2DD0006F3EA /* Preview Assets.xcassets */,
			);
			path = "Preview Content";
			sourceTree = "<group>";
		};
		4ADA7DC026E7FEA20006F3EA /* Views */ = {
			isa = PBXGroup;
			children = (
				4ADA7DA926E7D2D90006F3EA /* ContentView.swift */,
				4A9D2CD026E9C3B0005D38CF /* Landmarks */,
				4A9D2CCF26E9C3A4005D38CF /* Helpers */,
				4A9D2CD126E9C3C0005D38CF /* Categories */,
				4A9D2CE126EBBAFC005D38CF /* PageView */,
			);
			path = Views;
			sourceTree = "<group>";
		};
		4ADA7DC126E7FEA90006F3EA /* Model */ = {
			isa = PBXGroup;
			children = (
				4ADA7DBC26E7FA400006F3EA /* Landmark.swift */,
				4ADA7DBE26E7FC710006F3EA /* ModelData.swift */,
				4A9D2CD826EAB642005D38CF /* Profile.swift */,
			);
			path = Model;
			sourceTree = "<group>";
		};
		4ADA7DC226E7FEB50006F3EA /* Resources */ = {
			isa = PBXGroup;
			children = (
				4ADA7DBA26E7FA0A0006F3EA /* landmarkData.json */,
			);
			path = Resources;
			sourceTree = "<group>";
		};
/* End PBXGroup section */

/* Begin PBXNativeTarget section */
		4ADA7DA326E7D2D90006F3EA /* Landmarks */ = {
			isa = PBXNativeTarget;
			buildConfigurationList = 4ADA7DB326E7D2DD0006F3EA /* Build configuration list for PBXNativeTarget "Landmarks" */;
			buildPhases = (
				4ADA7DA026E7D2D90006F3EA /* Sources */,
				4ADA7DA126E7D2D90006F3EA /* Frameworks */,
				4ADA7DA226E7D2D90006F3EA /* Resources */,
			);
			buildRules = (
			);
			dependencies = (
			);
			name = Landmarks;
			productName = Landmarks;
			productReference = 4ADA7DA426E7D2D90006F3EA /* Landmarks.app */;
			productType = "com.apple.product-type.application";
		};
/* End PBXNativeTarget section */

/* Begin PBXProject section */
		4ADA7D9C26E7D2D90006F3EA /* Project object */ = {
			isa = PBXProject;
			attributes = {
				LastSwiftUpdateCheck = 1250;
				LastUpgradeCheck = 1250;
				TargetAttributes = {
					4ADA7DA326E7D2D90006F3EA = {
						CreatedOnToolsVersion = 12.5.1;
					};
				};
			};
			buildConfigurationList = 4ADA7D9F26E7D2D90006F3EA /* Build configuration list for PBXProject "Landmarks" */;
			compatibilityVersion = "Xcode 9.3";
			developmentRegion = en;
			hasScannedForEncodings = 0;
			knownRegions = (
				en,
				Base,
			);
			mainGroup = 4ADA7D9B26E7D2D90006F3EA;
			productRefGroup = 4ADA7DA526E7D2D90006F3EA /* Products */;
			projectDirPath = "";
			projectRoot = "";
			targets = (
				4ADA7DA326E7D2D90006F3EA /* Landmarks */,
			);
		};
/* End PBXProject section */

/* Begin PBXResourcesBuildPhase section */
		4ADA7DA226E7D2D90006F3EA /* Resources */ = {
			isa = PBXResourcesBuildPhase;
			buildActionMask = 2147483647;
			files = (
				4ADA7DAF26E7D2DD0006F3EA /* Preview Assets.xcassets in Resources */,
				4ADA7DAC26E7D2DD0006F3EA /* Assets.xcassets in Resources */,
				4ADA7DBB26E7FA0A0006F3EA /* landmarkData.json in Resources */,
			);
			runOnlyForDeploymentPostprocessing = 0;
		};
/* End PBXResourcesBuildPhase section */

/* Begin PBXSourcesBuildPhase section */
		4ADA7DA026E7D2D90006F3EA /* Sources */ = {
			isa = PBXSourcesBuildPhase;
			buildActionMask = 2147483647;
			files = (
				4ADA7DAA26E7D2D90006F3EA /* ContentView.swift in Sources */,
				4ADA7DB926E7F30C0006F3EA /* MapView.swift in Sources */,
				4ADA7DA826E7D2D90006F3EA /* LandmarksApp.swift in Sources */,
				4A9D2CDC26EAB71E005D38CF /* ProfileHost.swift in Sources */,
				4A9D2CD926EAB642005D38CF /* Profile.swift in Sources */,
				4A9D2CE726EBC1EC005D38CF /* PageView.swift in Sources */,
				4ADA7DCE26E83A890006F3EA /* FavoriteButton.swift in Sources */,
				4A9D2CD326E9C3FF005D38CF /* CategoryHome.swift in Sources */,
				4A9D2CE926EBD6F2005D38CF /* PageControl.swift in Sources */,
				4ADA7DC826E8046C0006F3EA /* LandmarkList.swift in Sources */,
				4ADA7DCC26E80FE30006F3EA /* LandmarkDetail.swift in Sources */,
				4ADA7DB726E7F1860006F3EA /* CircleImage.swift in Sources */,
				4A9D2CD726EA7E17005D38CF /* CategoryItem.swift in Sources */,
				4ADA7DBD26E7FA400006F3EA /* Landmark.swift in Sources */,
				4A9D2CD526E9C50F005D38CF /* CategoryRow.swift in Sources */,
				4ADA7DC626E7FFBB0006F3EA /* LandmarkRow.swift in Sources */,
				4A9D2CE026EAD95D005D38CF /* ProfileEditor.swift in Sources */,
				4A9D2CE526EBBC8B005D38CF /* FeatureCard.swift in Sources */,
				4A9D2CE326EBBB34005D38CF /* PageViewController.swift in Sources */,
				4A9D2CDE26EAB871005D38CF /* ProfileSummary.swift in Sources */,
				4ADA7DBF26E7FC710006F3EA /* ModelData.swift in Sources */,
			);
			runOnlyForDeploymentPostprocessing = 0;
		};
/* End PBXSourcesBuildPhase section */

/* Begin XCBuildConfiguration section */
		4ADA7DB126E7D2DD0006F3EA /* Debug */ = {
			isa = XCBuildConfiguration;
			buildSettings = {
				ALWAYS_SEARCH_USER_PATHS = NO;
				CLANG_ANALYZER_NONNULL = YES;
				CLANG_ANALYZER_NUMBER_OBJECT_CONVERSION = YES_AGGRESSIVE;
				CLANG_CXX_LANGUAGE_STANDARD = "gnu++14";
				CLANG_CXX_LIBRARY = "libc++";
				CLANG_ENABLE_MODULES = YES;
				CLANG_ENABLE_OBJC_ARC = YES;
				CLANG_ENABLE_OBJC_WEAK = YES;
				CLANG_WARN_BLOCK_CAPTURE_AUTORELEASING = YES;
				CLANG_WARN_BOOL_CONVERSION = YES;
				CLANG_WARN_COMMA = YES;
				CLANG_WARN_CONSTANT_CONVERSION = YES;
				CLANG_WARN_DEPRECATED_OBJC_IMPLEMENTATIONS = YES;
				CLANG_WARN_DIRECT_OBJC_ISA_USAGE = YES_ERROR;
				CLANG_WARN_DOCUMENTATION_COMMENTS = YES;
				CLANG_WARN_EMPTY_BODY = YES;
				CLANG_WARN_ENUM_CONVERSION = YES;
				CLANG_WARN_INFINITE_RECURSION = YES;
				CLANG_WARN_INT_CONVERSION = YES;
				CLANG_WARN_NON_LITERAL_NULL_CONVERSION = YES;
				CLANG_WARN_OBJC_IMPLICIT_RETAIN_SELF = YES;
				CLANG_WARN_OBJC_LITERAL_CONVERSION = YES;
				CLANG_WARN_OBJC_ROOT_CLASS = YES_ERROR;
				CLANG_WARN_QUOTED_INCLUDE_IN_FRAMEWORK_HEADER = YES;
				CLANG_WARN_RANGE_LOOP_ANALYSIS = YES;
				CLANG_WARN_STRICT_PROTOTYPES = YES;
				CLANG_WARN_SUSPICIOUS_MOVE = YES;
				CLANG_WARN_UNGUARDED_AVAILABILITY = YES_AGGRESSIVE;
				CLANG_WARN_UNREACHABLE_CODE = YES;
				CLANG_WARN__DUPLICATE_METHOD_MATCH = YES;
				COPY_PHASE_STRIP = NO;
				DEBUG_INFORMATION_FORMAT = dwarf;
				ENABLE_STRICT_OBJC_MSGSEND = YES;
				ENABLE_TESTABILITY = YES;
				GCC_C_LANGUAGE_STANDARD = gnu11;
				GCC_DYNAMIC_NO_PIC = NO;
				GCC_NO_COMMON_BLOCKS = YES;
				GCC_OPTIMIZATION_LEVEL = 0;
				GCC_PREPROCESSOR_DEFINITIONS = (
					"DEBUG=1",
					"$(inherited)",
				);
				GCC_WARN_64_TO_32_BIT_CONVERSION = YES;
				GCC_WARN_ABOUT_RETURN_TYPE = YES_ERROR;
				GCC_WARN_UNDECLARED_SELECTOR = YES;
				GCC_WARN_UNINITIALIZED_AUTOS = YES_AGGRESSIVE;
				GCC_WARN_UNUSED_FUNCTION = YES;
				GCC_WARN_UNUSED_VARIABLE = YES;
				IPHONEOS_DEPLOYMENT_TARGET = 14.5;
				MTL_ENABLE_DEBUG_INFO = INCLUDE_SOURCE;
				MTL_FAST_MATH = YES;
				ONLY_ACTIVE_ARCH = YES;
				SDKROOT = iphoneos;
				SWIFT_ACTIVE_COMPILATION_CONDITIONS = DEBUG;
				SWIFT_OPTIMIZATION_LEVEL = "-Onone";
			};
			name = Debug;
		};
		4ADA7DB226E7D2DD0006F3EA /* Release */ = {
			isa = XCBuildConfiguration;
			buildSettings = {
				ALWAYS_SEARCH_USER_PATHS = NO;
				CLANG_ANALYZER_NONNULL = YES;
				CLANG_ANALYZER_NUMBER_OBJECT_CONVERSION = YES_AGGRESSIVE;
				CLANG_CXX_LANGUAGE_STANDARD = "gnu++14";
				CLANG_CXX_LIBRARY = "libc++";
				CLANG_ENABLE_MODULES = YES;
				CLANG_ENABLE_OBJC_ARC = YES;
				CLANG_ENABLE_OBJC_WEAK = YES;
				CLANG_WARN_BLOCK_CAPTURE_AUTORELEASING = YES;
				CLANG_WARN_BOOL_CONVERSION = YES;
				CLANG_WARN_COMMA = YES;
				CLANG_WARN_CONSTANT_CONVERSION = YES;
				CLANG_WARN_DEPRECATED_OBJC_IMPLEMENTATIONS = YES;
				CLANG_WARN_DIRECT_OBJC_ISA_USAGE = YES_ERROR;
				CLANG_WARN_DOCUMENTATION_COMMENTS = YES;
				CLANG_WARN_EMPTY_BODY = YES;
				CLANG_WARN_ENUM_CONVERSION = YES;
				CLANG_WARN_INFINITE_RECURSION = YES;
				CLANG_WARN_INT_CONVERSION = YES;
				CLANG_WARN_NON_LITERAL_NULL_CONVERSION = YES;
				CLANG_WARN_OBJC_IMPLICIT_RETAIN_SELF = YES;
				CLANG_WARN_OBJC_LITERAL_CONVERSION = YES;
				CLANG_WARN_OBJC_ROOT_CLASS = YES_ERROR;
				CLANG_WARN_QUOTED_INCLUDE_IN_FRAMEWORK_HEADER = YES;
				CLANG_WARN_RANGE_LOOP_ANALYSIS = YES;
				CLANG_WARN_STRICT_PROTOTYPES = YES;
				CLANG_WARN_SUSPICIOUS_MOVE = YES;
				CLANG_WARN_UNGUARDED_AVAILABILITY = YES_AGGRESSIVE;
				CLANG_WARN_UNREACHABLE_CODE = YES;
				CLANG_WARN__DUPLICATE_METHOD_MATCH = YES;
				COPY_PHASE_STRIP = NO;
				DEBUG_INFORMATION_FORMAT = "dwarf-with-dsym";
				ENABLE_NS_ASSERTIONS = NO;
				ENABLE_STRICT_OBJC_MSGSEND = YES;
				GCC_C_LANGUAGE_STANDARD = gnu11;
				GCC_NO_COMMON_BLOCKS = YES;
				GCC_WARN_64_TO_32_BIT_CONVERSION = YES;
				GCC_WARN_ABOUT_RETURN_TYPE = YES_ERROR;
				GCC_WARN_UNDECLARED_SELECTOR = YES;
				GCC_WARN_UNINITIALIZED_AUTOS = YES_AGGRESSIVE;
				GCC_WARN_UNUSED_FUNCTION = YES;
				GCC_WARN_UNUSED_VARIABLE = YES;
				IPHONEOS_DEPLOYMENT_TARGET = 14.5;
				MTL_ENABLE_DEBUG_INFO = NO;
				MTL_FAST_MATH = YES;
				SDKROOT = iphoneos;
				SWIFT_COMPILATION_MODE = wholemodule;
				SWIFT_OPTIMIZATION_LEVEL = "-O";
				VALIDATE_PRODUCT = YES;
			};
			name = Release;
		};
		4ADA7DB426E7D2DD0006F3EA /* Debug */ = {
			isa = XCBuildConfiguration;
			buildSettings = {
				ASSETCATALOG_COMPILER_APPICON_NAME = AppIcon;
				ASSETCATALOG_COMPILER_GLOBAL_ACCENT_COLOR_NAME = AccentColor;
				CODE_SIGN_STYLE = Automatic;
				DEVELOPMENT_ASSET_PATHS = "\"Landmarks/Preview Content\"";
				ENABLE_PREVIEWS = YES;
				INFOPLIST_FILE = Landmarks/Info.plist;
				IPHONEOS_DEPLOYMENT_TARGET = 15.0;
				LD_RUNPATH_SEARCH_PATHS = (
					"$(inherited)",
					"@executable_path/Frameworks",
				);
				PRODUCT_BUNDLE_IDENTIFIER = Cicimaya.Landmarks;
				PRODUCT_NAME = "$(TARGET_NAME)";
				SWIFT_VERSION = 5.0;
				TARGETED_DEVICE_FAMILY = "1,2";
			};
			name = Debug;
		};
		4ADA7DB526E7D2DD0006F3EA /* Release */ = {
			isa = XCBuildConfiguration;
			buildSettings = {
				ASSETCATALOG_COMPILER_APPICON_NAME = AppIcon;
				ASSETCATALOG_COMPILER_GLOBAL_ACCENT_COLOR_NAME = AccentColor;
				CODE_SIGN_STYLE = Automatic;
				DEVELOPMENT_ASSET_PATHS = "\"Landmarks/Preview Content\"";
				ENABLE_PREVIEWS = YES;
				INFOPLIST_FILE = Landmarks/Info.plist;
				IPHONEOS_DEPLOYMENT_TARGET = 15.0;
				LD_RUNPATH_SEARCH_PATHS = (
					"$(inherited)",
					"@executable_path/Frameworks",
				);
				PRODUCT_BUNDLE_IDENTIFIER = Cicimaya.Landmarks;
				PRODUCT_NAME = "$(TARGET_NAME)";
				SWIFT_VERSION = 5.0;
				TARGETED_DEVICE_FAMILY = "1,2";
			};
			name = Release;
		};
/* End XCBuildConfiguration section */

/* Begin XCConfigurationList section */
		4ADA7D9F26E7D2D90006F3EA /* Build configuration list for PBXProject "Landmarks" */ = {
			isa = XCConfigurationList;
			buildConfigurations = (
				4ADA7DB126E7D2DD0006F3EA /* Debug */,
				4ADA7DB226E7D2DD0006F3EA /* Release */,
			);
			defaultConfigurationIsVisible = 0;
			defaultConfigurationName = Release;
		};
		4ADA7DB326E7D2DD0006F3EA /* Build configuration list for PBXNativeTarget "Landmarks" */ = {
			isa = XCConfigurationList;
			buildConfigurations = (
				4ADA7DB426E7D2DD0006F3EA /* Debug */,
				4ADA7DB526E7D2DD0006F3EA /* Release */,
			);
			defaultConfigurationIsVisible = 0;
			defaultConfigurationName = Release;
		};
/* End XCConfigurationList section */
	};
	rootObject = 4ADA7D9C26E7D2D90006F3EA /* Project object */;
}
